
Microsoft Visual Studio Solution File, Format Version 12.00
# Visual Studio 14
VisualStudioVersion = 14.0.24720.0
MinimumVisualStudioVersion = 10.0.40219.1
Project("{2150E333-8FDC-42A3-9474-1A3956D46DE8}") = "src", "src", "{1E674AFA-A8CF-4837-BADE-CB1630D285ED}"
EndProject
Project("{2150E333-8FDC-42A3-9474-1A3956D46DE8}") = "Solution Items", "Solution Items", "{9AE0D1A7-BC35-462E-9C5C-C0AE2CE009A5}"
	ProjectSection(SolutionItems) = preProject
		global.json = global.json
	EndProjectSection
EndProject
Project("{FAE04EC0-301F-11D3-BF4B-00C04F79EFBC}") = "HelloWorld.Tests", "HelloWorld.Tests\HelloWorld.Tests.csproj", "{C256BBC5-376D-4D4B-8082-71DF9DB56FB9}"
EndProject
Project("{8BB2217D-0F2D-49D1-97BC-3654ED321F3B}") = "HelloWorld", "src\NewHelloWorld\HelloWorld.xproj", "{4F6D98FA-C7F8-4B22-979A-BDA941C9F8E3}"
EndProject
Project("{FAE04EC0-301F-11D3-BF4B-00C04F79EFBC}") = "DataAccess", "DataAccess\DataAccess.csproj", "{8F14E5C3-FD20-42B9-AF02-EE462DA78796}"
EndProject
Project("{FAE04EC0-301F-11D3-BF4B-00C04F79EFBC}") = "HWAPI", "HWAPI\HWAPI.csproj", "{2E8BD3F0-8E5C-4675-865A-F5A3B5D6774B}"
EndProject
Global
	GlobalSection(SolutionConfigurationPlatforms) = preSolution
		Debug|Any CPU = Debug|Any CPU
		Release|Any CPU = Release|Any CPU
	EndGlobalSection
	GlobalSection(ProjectConfigurationPlatforms) = postSolution
		{C256BBC5-376D-4D4B-8082-71DF9DB56FB9}.Debug|Any CPU.ActiveCfg = Debug|Any CPU
		{C256BBC5-376D-4D4B-8082-71DF9DB56FB9}.Debug|Any CPU.Build.0 = Debug|Any CPU
		{C256BBC5-376D-4D4B-8082-71DF9DB56FB9}.Release|Any CPU.ActiveCfg = Release|Any CPU
		{C256BBC5-376D-4D4B-8082-71DF9DB56FB9}.Release|Any CPU.Build.0 = Release|Any CPU
		{4F6D98FA-C7F8-4B22-979A-BDA941C9F8E3}.Debug|Any CPU.ActiveCfg = Debug|Any CPU
		{4F6D98FA-C7F8-4B22-979A-BDA941C9F8E3}.Debug|Any CPU.Build.0 = Debug|Any CPU
		{4F6D98FA-C7F8-4B22-979A-BDA941C9F8E3}.Release|Any CPU.ActiveCfg = Release|Any CPU
		{4F6D98FA-C7F8-4B22-979A-BDA941C9F8E3}.Release|Any CPU.Build.0 = Release|Any CPU
		{8F14E5C3-FD20-42B9-AF02-EE462DA78796}.Debug|Any CPU.ActiveCfg = Debug|Any CPU
		{8F14E5C3-FD20-42B9-AF02-EE462DA78796}.Debug|Any CPU.Build.0 = Debug|Any CPU
		{8F14E5C3-FD20-42B9-AF02-EE462DA78796}.Release|Any CPU.ActiveCfg = Release|Any CPU
		{8F14E5C3-FD20-42B9-AF02-EE462DA78796}.Release|Any CPU.Build.0 = Release|Any CPU
		{2E8BD3F0-8E5C-4675-865A-F5A3B5D6774B}.Debug|Any CPU.ActiveCfg = Debug|Any CPU
		{2E8BD3F0-8E5C-4675-865A-F5A3B5D6774B}.Debug|Any CPU.Build.0 = Debug|Any CPU
		{2E8BD3F0-8E5C-4675-865A-F5A3B5D6774B}.Release|Any CPU.ActiveCfg = Release|Any CPU
		{2E8BD3F0-8E5C-4675-865A-F5A3B5D6774B}.Release|Any CPU.Build.0 = Release|Any CPU
	EndGlobalSection
	GlobalSection(SolutionProperties) = preSolution
		HideSolutionNode = FALSE
	EndGlobalSection
	GlobalSection(NestedProjects) = preSolution
		{C256BBC5-376D-4D4B-8082-71DF9DB56FB9} = {1E674AFA-A8CF-4837-BADE-CB1630D285ED}
		{4F6D98FA-C7F8-4B22-979A-BDA941C9F8E3} = {1E674AFA-A8CF-4837-BADE-CB1630D285ED}
		{8F14E5C3-FD20-42B9-AF02-EE462DA78796} = {1E674AFA-A8CF-4837-BADE-CB1630D285ED}
		{2E8BD3F0-8E5C-4675-865A-F5A3B5D6774B} = {1E674AFA-A8CF-4837-BADE-CB1630D285ED}
	EndGlobalSection
EndGlobal
